<?xml version="1.0" encoding="utf-8"?>
<Project ToolsVersion="4.0" xmlns="http://schemas.microsoft.com/developer/msbuild/2003">
  <ItemGroup>
    <Filter Include="Source Dateien">
      <UniqueIdentifier>{4FC737F1-C7A5-4376-A066-2A32D752A2FF}</UniqueIdentifier>
      <Extensions>cpp;cxx;c;def</Extensions>
    </Filter>
    <Filter Include="Header Dateien">
      <UniqueIdentifier>{93995380-89BD-4b04-88EB-625FBE52EBFB}</UniqueIdentifier>
      <Extensions>h</Extensions>
    </Filter>
    <Filter Include="Form Dateien">
      <UniqueIdentifier>{99349809-55BA-4b9d-BF79-8FDBB0286EB3}</UniqueIdentifier>
      <Extensions>ui</Extensions>
    </Filter>
    <Filter Include="Resource Dateien">
      <UniqueIdentifier>{D9D6E242-F8AF-46E4-B9FD-80ECBC20BA3E}</UniqueIdentifier>
      <Extensions>qrc;*</Extensions>
      <ParseFiles>false</ParseFiles>
    </Filter>
    <Filter Include="Generierte Dateien">
      <UniqueIdentifier>{71ED8ED8-ACB9-4CE9-BBE1-E00B30144E11}</UniqueIdentifier>
      <Extensions>moc;h;cpp</Extensions>
      <SourceControlFiles>False</SourceControlFiles>
    </Filter>
    <Filter Include="Generierte Dateien\Debug">
      <UniqueIdentifier>{85d7c017-66ce-4636-8dc7-60af9c331ace}</UniqueIdentifier>
      <Extensions>cpp;moc</Extensions>
      <SourceControlFiles>False</SourceControlFiles>
    </Filter>
    <Filter Include="Generierte Dateien\Release">
      <UniqueIdentifier>{d4513b1f-3734-40fc-a245-22a687b2b482}</UniqueIdentifier>
      <Extensions>cpp;moc</Extensions>
      <SourceControlFiles>False</SourceControlFiles>
    </Filter>
  </ItemGroup>
  <ItemGroup>
    <CustomBuild Include="Ui\ArkEchoPlayerView.ui">
      <Filter>Form Dateien</Filter>
    </CustomBuild>
    <CustomBuild Include="Source\ArkEchoPlayerModel.h">
      <Filter>Header Dateien</Filter>
    </CustomBuild>
    <CustomBuild Include="Source\ArkEchoPlayerView.h">
      <Filter>Header Dateien</Filter>
    </CustomBuild>
    <CustomBuild Include="Source\MessageHandler.h">
      <Filter>Header Dateien</Filter>
    </CustomBuild>
    <CustomBuild Include="Source\WebSocketServer.h">
      <Filter>Header Dateien</Filter>
    </CustomBuild>
  </ItemGroup>
  <ItemGroup>
    <ClInclude Include="GeneratedFiles\ui_ArkEchoPlayerView.h">
      <Filter>Generierte Dateien</Filter>
    </ClInclude>
    <ClInclude Include="Source\MiniProfiler.h">
      <Filter>Header Dateien</Filter>
    </ClInclude>
  </ItemGroup>
  <ItemGroup>
    <ClCompile Include="GeneratedFiles\Debug\moc_ArkEchoPlayerModel.cpp">
      <Filter>Generierte Dateien\Debug</Filter>
    </ClCompile>
    <ClCompile Include="GeneratedFiles\Release\moc_ArkEchoPlayerModel.cpp">
      <Filter>Generierte Dateien\Release</Filter>
    </ClCompile>
    <ClCompile Include="GeneratedFiles\Debug\moc_ArkEchoPlayerView.cpp">
      <Filter>Generierte Dateien\Debug</Filter>
    </ClCompile>
    <ClCompile Include="GeneratedFiles\Release\moc_ArkEchoPlayerView.cpp">
      <Filter>Generierte Dateien\Release</Filter>
    </ClCompile>
    <ClCompile Include="GeneratedFiles\Debug\moc_MessageHandler.cpp">
      <Filter>Generierte Dateien\Debug</Filter>
    </ClCompile>
    <ClCompile Include="GeneratedFiles\Release\moc_MessageHandler.cpp">
      <Filter>Generierte Dateien\Release</Filter>
    </ClCompile>
    <ClCompile Include="GeneratedFiles\Debug\moc_WebSocketServer.cpp">
      <Filter>Generierte Dateien\Debug</Filter>
    </ClCompile>
    <ClCompile Include="GeneratedFiles\Release\moc_WebSocketServer.cpp">
      <Filter>Generierte Dateien\Release</Filter>
    </ClCompile>
    <ClCompile Include="Source\ArkEchoPlayerModel.cpp">
      <Filter>Source Dateien</Filter>
    </ClCompile>
    <ClCompile Include="Source\ArkEchoPlayerView.cpp">
      <Filter>Source Dateien</Filter>
    </ClCompile>
    <ClCompile Include="Source\main.cpp">
      <Filter>Source Dateien</Filter>
    </ClCompile>
    <ClCompile Include="Source\MessageHandler.cpp">
      <Filter>Source Dateien</Filter>
    </ClCompile>
    <ClCompile Include="Source\MiniProfiler.cpp">
      <Filter>Source Dateien</Filter>
    </ClCompile>
    <ClCompile Include="Source\WebSocketServer.cpp">
      <Filter>Source Dateien</Filter>
    </ClCompile>
  </ItemGroup>
  <ItemGroup>
    <ResourceCompile Include="Resources\arkecho_player.rc">
      <Filter>Resource Dateien</Filter>
    </ResourceCompile>
  </ItemGroup>
</Project>