
Microsoft Visual Studio Solution File, Format Version 12.00
# Visual Studio 14
VisualStudioVersion = 14.0.25420.1
MinimumVisualStudioVersion = 10.0.40219.1
Project("{FAE04EC0-301F-11D3-BF4B-00C04F79EFBC}") = "arkecho-app", "arkecho-app\arkecho-app.csproj", "{2CBD6AF6-744B-4D3F-BC6B-56DF861EF291}"
EndProject
Project("{FAE04EC0-301F-11D3-BF4B-00C04F79EFBC}") = "Websockets", "Websockets\Websockets.csproj", "{1A23D79E-7A64-450C-960C-4848B0149E3D}"
EndProject
Project("{FAE04EC0-301F-11D3-BF4B-00C04F79EFBC}") = "Websockets.Droid", "Websockets.Droid\Websockets.Droid.csproj", "{0A65C595-9E17-487C-A880-A11DA9751D89}"
EndProject
Global
	GlobalSection(SolutionConfigurationPlatforms) = preSolution
		Debug|Any CPU = Debug|Any CPU
		Release|Any CPU = Release|Any CPU
	EndGlobalSection
	GlobalSection(ProjectConfigurationPlatforms) = postSolution
		{2CBD6AF6-744B-4D3F-BC6B-56DF861EF291}.Debug|Any CPU.ActiveCfg = Debug|Any CPU
		{2CBD6AF6-744B-4D3F-BC6B-56DF861EF291}.Debug|Any CPU.Build.0 = Debug|Any CPU
		{2CBD6AF6-744B-4D3F-BC6B-56DF861EF291}.Debug|Any CPU.Deploy.0 = Debug|Any CPU
		{2CBD6AF6-744B-4D3F-BC6B-56DF861EF291}.Release|Any CPU.ActiveCfg = Release|Any CPU
		{2CBD6AF6-744B-4D3F-BC6B-56DF861EF291}.Release|Any CPU.Build.0 = Release|Any CPU
		{2CBD6AF6-744B-4D3F-BC6B-56DF861EF291}.Release|Any CPU.Deploy.0 = Release|Any CPU
		{1A23D79E-7A64-450C-960C-4848B0149E3D}.Debug|Any CPU.ActiveCfg = Debug|Any CPU
		{1A23D79E-7A64-450C-960C-4848B0149E3D}.Debug|Any CPU.Build.0 = Debug|Any CPU
		{1A23D79E-7A64-450C-960C-4848B0149E3D}.Release|Any CPU.ActiveCfg = Release|Any CPU
		{1A23D79E-7A64-450C-960C-4848B0149E3D}.Release|Any CPU.Build.0 = Release|Any CPU
		{0A65C595-9E17-487C-A880-A11DA9751D89}.Debug|Any CPU.ActiveCfg = Debug|Any CPU
		{0A65C595-9E17-487C-A880-A11DA9751D89}.Debug|Any CPU.Build.0 = Debug|Any CPU
		{0A65C595-9E17-487C-A880-A11DA9751D89}.Release|Any CPU.ActiveCfg = Release|Any CPU
		{0A65C595-9E17-487C-A880-A11DA9751D89}.Release|Any CPU.Build.0 = Release|Any CPU
	EndGlobalSection
	GlobalSection(SolutionProperties) = preSolution
		HideSolutionNode = FALSE
	EndGlobalSection
EndGlobal
